version = 1
revision = 3
requires-python = ">=3.7"
resolution-markers = [
    "python_full_version >= '3.9'",
    "python_full_version < '3.9'",
]

[[package]]
name = "fakeroute"
version = "1.0.0"
source = { editable = "." }
dependencies = [
    { name = "pyroute2", version = "0.9.2", source = { registry = "https://pypi.org/simple" }, marker = "python_full_version < '3.9'" },
    { name = "pyroute2", version = "0.9.5", source = { registry = "https://pypi.org/simple" }, marker = "python_full_version >= '3.9'" },
    { name = "scapy" },
]

[package.metadata]
requires-dist = [
    { name = "pyroute2" },
    { name = "scapy" },
]

[[package]]
name = "pyroute2"
version = "0.9.2"
source = { registry = "https://pypi.org/simple" }
resolution-markers = [
    "python_full_version < '3.9'",
]
dependencies = [
    { name = "win-inet-pton", marker = "python_full_version < '3.9' and sys_platform == 'win32'" },
]
sdist = { url = "https://files.pythonhosted.org/packages/f2/50/a53f35b42a7d14a8f317dbba219a21938163c58ae3d785667abfe8b2f416/pyroute2-0.9.2.tar.gz", hash = "sha256:aea3c0e1b46f48295edb29caaba3ceb6415bdcb975cba3f1489ffcc3198e0ce3", size = 470901, upload-time = "2025-04-28T17:00:26.678Z" }
wheels = [
    { url = "https://files.pythonhosted.org/packages/08/9c/8456183fb15a97d514c962b8934d8f0f8b03940e2ed7ec943d1fd2ae26ad/pyroute2-0.9.2-py3-none-any.whl", hash = "sha256:70e3def534fbd8f232927c88415ce0bf5201c208304ad189322d2db5c331fe77", size = 474394, upload-time = "2025-04-28T17:00:22.55Z" },
]

[[package]]
name = "pyroute2"
version = "0.9.5"
source = { registry = "https://pypi.org/simple" }
resolution-markers = [
    "python_full_version >= '3.9'",
]
dependencies = [
    { name = "win-inet-pton", marker = "python_full_version >= '3.9' and sys_platform == 'win32'" },
]
sdist = { url = "https://files.pythonhosted.org/packages/1d/b2/1019ddc278549fb7e64a16d7775e0f7d981135f762b8706e583414d655e3/pyroute2-0.9.5.tar.gz", hash = "sha256:a198ccbe545b031b00b10da4b44df33d548db04af944be8107c05a215ba03872", size = 969492, upload-time = "2025-11-02T18:42:49.603Z" }
wheels = [
    { url = "https://files.pythonhosted.org/packages/bd/66/995c65e7566543e941705f9b1b99ebfd7f9d3ed67c8eb7cb47f30168dc72/pyroute2-0.9.5-py3-none-any.whl", hash = "sha256:e7d485ce8274cbf473e9092fa65585faf8a3df5fe05ecf497cb9c5b1516ba09f", size = 480641, upload-time = "2025-11-02T18:42:45.75Z" },
]

[[package]]
name = "scapy"
version = "2.7.0"
source = { registry = "https://pypi.org/simple" }
sdist = { url = "https://files.pythonhosted.org/packages/82/97/7caec64f05eae3d305d83e7cce1ef2f337710513b89efb334f7278202e79/scapy-2.7.0.tar.gz", hash = "sha256:bfc1ef1b93280aea1ddee53be7f74232aa28ac3d891244d41ee85200d24aa446", size = 2412897, upload-time = "2025-12-26T22:10:53.359Z" }
wheels = [
    { url = "https://files.pythonhosted.org/packages/f0/6f/bd32e5e8adc391063858da17271bb444e4b009842cffa593bca8b2b78af7/scapy-2.7.0-py3-none-any.whl", hash = "sha256:eb22786da92be6fd8e5c694ae5595e4f5b9ac1f4364c9c45986844f3e3063561", size = 2590982, upload-time = "2025-12-26T22:07:48.941Z" },
]

[[package]]
name = "win-inet-pton"
version = "1.1.0"
source = { registry = "https://pypi.org/simple" }
sdist = { url = "https://files.pythonhosted.org/packages/d9/da/0b1487b5835497dea00b00d87c2aca168bb9ca2e2096981690239e23760a/win_inet_pton-1.1.0.tar.gz", hash = "sha256:dd03d942c0d3e2b1cf8bab511844546dfa5f74cb61b241699fa379ad707dea4f", size = 2949, upload-time = "2019-02-19T17:46:23.925Z" }
wheels = [
    { url = "https://files.pythonhosted.org/packages/be/31/ff772a44aa56319df8afbb0b34f1a856f66f05b9d5f1fed917849e47fdae/win_inet_pton-1.1.0-py2.py3-none-any.whl", hash = "sha256:eaf0193cbe7152ac313598a0da7313fb479f769343c0c16c5308f64887dc885b", size = 4848, upload-time = "2019-02-19T17:46:22.182Z" },
]
